
Microsoft Visual Studio Solution File, Format Version 12.00
# Visual Studio Version 17
VisualStudioVersion = 17.4.33122.133
MinimumVisualStudioVersion = 10.0.40219.1
Project("{FAE04EC0-301F-11D3-BF4B-00C04F79EFBC}") = "WebApplication6", "WebApplication6\WebApplication6.csproj", "{31E188A3-BDDA-4953-B16C-F86DF57F4793}"
EndProject
Global
	GlobalSection(SolutionConfigurationPlatforms) = preSolution
		Debug|Any CPU = Debug|Any CPU
		Release|Any CPU = Release|Any CPU
	EndGlobalSection
	GlobalSection(ProjectConfigurationPlatforms) = postSolution
		{31E188A3-BDDA-4953-B16C-F86DF57F4793}.Debug|Any CPU.ActiveCfg = Debug|Any CPU
		{31E188A3-BDDA-4953-B16C-F86DF57F4793}.Debug|Any CPU.Build.0 = Debug|Any CPU
		{31E188A3-BDDA-4953-B16C-F86DF57F4793}.Release|Any CPU.ActiveCfg = Release|Any CPU
		{31E188A3-BDDA-4953-B16C-F86DF57F4793}.Release|Any CPU.Build.0 = Release|Any CPU
	EndGlobalSection
	GlobalSection(SolutionProperties) = preSolution
		HideSolutionNode = FALSE
	EndGlobalSection
	GlobalSection(ExtensibilityGlobals) = postSolution
		SolutionGuid = {91CB24C8-DB3C-47A6-82B7-22397EBF244F}
	EndGlobalSection
EndGlobal
