
Microsoft Visual Studio Solution File, Format Version 12.00
# Visual Studio Version 17
VisualStudioVersion = 17.4.33122.133
MinimumVisualStudioVersion = 10.0.40219.1
Project("{FAE04EC0-301F-11D3-BF4B-00C04F79EFBC}") = "WebApplication3", "WebApplication3\WebApplication3.csproj", "{FE737E92-4285-43B6-A9DD-C47FF82032B0}"
EndProject
Global
	GlobalSection(SolutionConfigurationPlatforms) = preSolution
		Debug|Any CPU = Debug|Any CPU
		Release|Any CPU = Release|Any CPU
	EndGlobalSection
	GlobalSection(ProjectConfigurationPlatforms) = postSolution
		{FE737E92-4285-43B6-A9DD-C47FF82032B0}.Debug|Any CPU.ActiveCfg = Debug|Any CPU
		{FE737E92-4285-43B6-A9DD-C47FF82032B0}.Debug|Any CPU.Build.0 = Debug|Any CPU
		{FE737E92-4285-43B6-A9DD-C47FF82032B0}.Release|Any CPU.ActiveCfg = Release|Any CPU
		{FE737E92-4285-43B6-A9DD-C47FF82032B0}.Release|Any CPU.Build.0 = Release|Any CPU
	EndGlobalSection
	GlobalSection(SolutionProperties) = preSolution
		HideSolutionNode = FALSE
	EndGlobalSection
	GlobalSection(ExtensibilityGlobals) = postSolution
		SolutionGuid = {FA6AF2C4-CBDB-423E-BFE1-A4D4590CD79C}
	EndGlobalSection
EndGlobal
